
Microsoft Visual Studio Solution File, Format Version 12.00
# Visual Studio Version 17
VisualStudioVersion = 17.14.36127.28 d17.14
MinimumVisualStudioVersion = 10.0.40219.1
Project("{FAE04EC0-301F-11D3-BF4B-00C04F79EFBC}") = "MauiMCTMinusBug", "MauiMCTMinusBug\MauiMCTMinusBug.csproj", "{ED74179D-ECF3-4A4D-8941-509C3B950C3B}"
EndProject
Global
	GlobalSection(SolutionConfigurationPlatforms) = preSolution
		Debug|Any CPU = Debug|Any CPU
		Release|Any CPU = Release|Any CPU
	EndGlobalSection
	GlobalSection(ProjectConfigurationPlatforms) = postSolution
		{ED74179D-ECF3-4A4D-8941-509C3B950C3B}.Debug|Any CPU.ActiveCfg = Debug|Any CPU
		{ED74179D-ECF3-4A4D-8941-509C3B950C3B}.Debug|Any CPU.Build.0 = Debug|Any CPU
		{ED74179D-ECF3-4A4D-8941-509C3B950C3B}.Release|Any CPU.ActiveCfg = Release|Any CPU
		{ED74179D-ECF3-4A4D-8941-509C3B950C3B}.Release|Any CPU.Build.0 = Release|Any CPU
	EndGlobalSection
	GlobalSection(SolutionProperties) = preSolution
		HideSolutionNode = FALSE
	EndGlobalSection
	GlobalSection(ExtensibilityGlobals) = postSolution
		SolutionGuid = {329841C2-CACE-4532-881A-93492D7E617F}
	EndGlobalSection
EndGlobal
